
Microsoft Visual Studio Solution File, Format Version 12.00
# Visual Studio 14
VisualStudioVersion = 14.0.23107.0
MinimumVisualStudioVersion = 10.0.40219.1
Project("{FAE04EC0-301F-11D3-BF4B-00C04F79EFBC}") = "GZYC.YZ.Web", "前台UI\GZYC.YZ.Web\GZYC.YZ.Web.csproj", "{61730FA4-6D24-4698-AAB0-E7944050ADB7}"
EndProject
Project("{FAE04EC0-301F-11D3-BF4B-00C04F79EFBC}") = "GZYC.YZ.Tests", "GZYC.YZ.Tests\GZYC.YZ.Tests.csproj", "{4EBACFAC-43CD-4A9A-9C3F-577FB59F5638}"
EndProject
Project("{FAE04EC0-301F-11D3-BF4B-00C04F79EFBC}") = "GZYC.YZ.Web.Controllers", "前台UI\GZYC.YZ.Web.Controllers\GZYC.YZ.Web.Controllers.csproj", "{34B415A4-7CC1-4BE5-939E-910952D5043C}"
EndProject
Project("{FAE04EC0-301F-11D3-BF4B-00C04F79EFBC}") = "GZYC.YZ.Models", "后台业务逻辑\GZYC.YZ.Models\GZYC.YZ.Models.csproj", "{31812E14-2356-4342-A49C-6E88160BBB72}"
EndProject
Project("{FAE04EC0-301F-11D3-BF4B-00C04F79EFBC}") = "GZYC.YZ.Common", "后台业务逻辑\GZYC.YZ.Common\GZYC.YZ.Common.csproj", "{E79D7435-1218-49A5-83FB-BB6B86309786}"
EndProject
Project("{FAE04EC0-301F-11D3-BF4B-00C04F79EFBC}") = "GZYC.YZ.Web.Common", "前台UI\GZYC.YZ.Web.Common\GZYC.YZ.Web.Common.csproj", "{CD71CF0B-8CD1-4272-B21E-35392BCCFA84}"
EndProject
Project("{2150E333-8FDC-42A3-9474-1A3956D46DE8}") = "前台UI", "前台UI", "{2D1F9C41-FB7C-4CC6-92EE-F277AA3D7897}"
EndProject
Project("{2150E333-8FDC-42A3-9474-1A3956D46DE8}") = "后台业务逻辑", "后台业务逻辑", "{5333E9E5-0C29-4A39-8658-7D14E571783F}"
EndProject
Project("{FAE04EC0-301F-11D3-BF4B-00C04F79EFBC}") = "GZYC.YZ.Business", "后台业务逻辑\GZYC.YZ.Business\GZYC.YZ.Business.csproj", "{620C68C6-E00F-49B8-BCDE-5AD4F0BA26F6}"
EndProject
Project("{FAE04EC0-301F-11D3-BF4B-00C04F79EFBC}") = "GZYC.YZ.IBusiness", "后台业务逻辑\GZYC.YZ.IBusiness\GZYC.YZ.IBusiness.csproj", "{3D071AE9-99CA-4F8C-AA41-0D17F5B52E66}"
EndProject
Project("{FAE04EC0-301F-11D3-BF4B-00C04F79EFBC}") = "GZYC.YZ.IDataAccess", "后台业务逻辑\GZYC.YZ.IDataAccess\GZYC.YZ.IDataAccess.csproj", "{3CA08DD5-2630-4C8B-9BAA-F0BF8E411901}"
EndProject
Project("{FAE04EC0-301F-11D3-BF4B-00C04F79EFBC}") = "GZYC.YZ.DataAccess", "后台业务逻辑\GZYC.YZ.DataAccess\GZYC.YZ.DataAccess.csproj", "{76696AC2-B9C5-4918-81B5-0D4B4B4759B1}"
EndProject
Global
	GlobalSection(SolutionConfigurationPlatforms) = preSolution
		Debug|Any CPU = Debug|Any CPU
		Release|Any CPU = Release|Any CPU
	EndGlobalSection
	GlobalSection(ProjectConfigurationPlatforms) = postSolution
		{61730FA4-6D24-4698-AAB0-E7944050ADB7}.Debug|Any CPU.ActiveCfg = Debug|Any CPU
		{61730FA4-6D24-4698-AAB0-E7944050ADB7}.Debug|Any CPU.Build.0 = Debug|Any CPU
		{61730FA4-6D24-4698-AAB0-E7944050ADB7}.Release|Any CPU.ActiveCfg = Release|Any CPU
		{61730FA4-6D24-4698-AAB0-E7944050ADB7}.Release|Any CPU.Build.0 = Release|Any CPU
		{4EBACFAC-43CD-4A9A-9C3F-577FB59F5638}.Debug|Any CPU.ActiveCfg = Debug|Any CPU
		{4EBACFAC-43CD-4A9A-9C3F-577FB59F5638}.Debug|Any CPU.Build.0 = Debug|Any CPU
		{4EBACFAC-43CD-4A9A-9C3F-577FB59F5638}.Release|Any CPU.ActiveCfg = Release|Any CPU
		{4EBACFAC-43CD-4A9A-9C3F-577FB59F5638}.Release|Any CPU.Build.0 = Release|Any CPU
		{34B415A4-7CC1-4BE5-939E-910952D5043C}.Debug|Any CPU.ActiveCfg = Debug|Any CPU
		{34B415A4-7CC1-4BE5-939E-910952D5043C}.Debug|Any CPU.Build.0 = Debug|Any CPU
		{34B415A4-7CC1-4BE5-939E-910952D5043C}.Release|Any CPU.ActiveCfg = Release|Any CPU
		{34B415A4-7CC1-4BE5-939E-910952D5043C}.Release|Any CPU.Build.0 = Release|Any CPU
		{31812E14-2356-4342-A49C-6E88160BBB72}.Debug|Any CPU.ActiveCfg = Debug|Any CPU
		{31812E14-2356-4342-A49C-6E88160BBB72}.Debug|Any CPU.Build.0 = Debug|Any CPU
		{31812E14-2356-4342-A49C-6E88160BBB72}.Release|Any CPU.ActiveCfg = Release|Any CPU
		{31812E14-2356-4342-A49C-6E88160BBB72}.Release|Any CPU.Build.0 = Release|Any CPU
		{E79D7435-1218-49A5-83FB-BB6B86309786}.Debug|Any CPU.ActiveCfg = Debug|Any CPU
		{E79D7435-1218-49A5-83FB-BB6B86309786}.Debug|Any CPU.Build.0 = Debug|Any CPU
		{E79D7435-1218-49A5-83FB-BB6B86309786}.Release|Any CPU.ActiveCfg = Release|Any CPU
		{E79D7435-1218-49A5-83FB-BB6B86309786}.Release|Any CPU.Build.0 = Release|Any CPU
		{CD71CF0B-8CD1-4272-B21E-35392BCCFA84}.Debug|Any CPU.ActiveCfg = Debug|Any CPU
		{CD71CF0B-8CD1-4272-B21E-35392BCCFA84}.Debug|Any CPU.Build.0 = Debug|Any CPU
		{CD71CF0B-8CD1-4272-B21E-35392BCCFA84}.Release|Any CPU.ActiveCfg = Release|Any CPU
		{CD71CF0B-8CD1-4272-B21E-35392BCCFA84}.Release|Any CPU.Build.0 = Release|Any CPU
		{620C68C6-E00F-49B8-BCDE-5AD4F0BA26F6}.Debug|Any CPU.ActiveCfg = Debug|Any CPU
		{620C68C6-E00F-49B8-BCDE-5AD4F0BA26F6}.Debug|Any CPU.Build.0 = Debug|Any CPU
		{620C68C6-E00F-49B8-BCDE-5AD4F0BA26F6}.Release|Any CPU.ActiveCfg = Release|Any CPU
		{620C68C6-E00F-49B8-BCDE-5AD4F0BA26F6}.Release|Any CPU.Build.0 = Release|Any CPU
		{3D071AE9-99CA-4F8C-AA41-0D17F5B52E66}.Debug|Any CPU.ActiveCfg = Debug|Any CPU
		{3D071AE9-99CA-4F8C-AA41-0D17F5B52E66}.Debug|Any CPU.Build.0 = Debug|Any CPU
		{3D071AE9-99CA-4F8C-AA41-0D17F5B52E66}.Release|Any CPU.ActiveCfg = Release|Any CPU
		{3D071AE9-99CA-4F8C-AA41-0D17F5B52E66}.Release|Any CPU.Build.0 = Release|Any CPU
		{3CA08DD5-2630-4C8B-9BAA-F0BF8E411901}.Debug|Any CPU.ActiveCfg = Debug|Any CPU
		{3CA08DD5-2630-4C8B-9BAA-F0BF8E411901}.Debug|Any CPU.Build.0 = Debug|Any CPU
		{3CA08DD5-2630-4C8B-9BAA-F0BF8E411901}.Release|Any CPU.ActiveCfg = Release|Any CPU
		{3CA08DD5-2630-4C8B-9BAA-F0BF8E411901}.Release|Any CPU.Build.0 = Release|Any CPU
		{76696AC2-B9C5-4918-81B5-0D4B4B4759B1}.Debug|Any CPU.ActiveCfg = Debug|Any CPU
		{76696AC2-B9C5-4918-81B5-0D4B4B4759B1}.Debug|Any CPU.Build.0 = Debug|Any CPU
		{76696AC2-B9C5-4918-81B5-0D4B4B4759B1}.Release|Any CPU.ActiveCfg = Release|Any CPU
		{76696AC2-B9C5-4918-81B5-0D4B4B4759B1}.Release|Any CPU.Build.0 = Release|Any CPU
	EndGlobalSection
	GlobalSection(SolutionProperties) = preSolution
		HideSolutionNode = FALSE
	EndGlobalSection
	GlobalSection(NestedProjects) = preSolution
		{61730FA4-6D24-4698-AAB0-E7944050ADB7} = {2D1F9C41-FB7C-4CC6-92EE-F277AA3D7897}
		{34B415A4-7CC1-4BE5-939E-910952D5043C} = {2D1F9C41-FB7C-4CC6-92EE-F277AA3D7897}
		{31812E14-2356-4342-A49C-6E88160BBB72} = {5333E9E5-0C29-4A39-8658-7D14E571783F}
		{E79D7435-1218-49A5-83FB-BB6B86309786} = {5333E9E5-0C29-4A39-8658-7D14E571783F}
		{CD71CF0B-8CD1-4272-B21E-35392BCCFA84} = {2D1F9C41-FB7C-4CC6-92EE-F277AA3D7897}
		{620C68C6-E00F-49B8-BCDE-5AD4F0BA26F6} = {5333E9E5-0C29-4A39-8658-7D14E571783F}
		{3D071AE9-99CA-4F8C-AA41-0D17F5B52E66} = {5333E9E5-0C29-4A39-8658-7D14E571783F}
		{3CA08DD5-2630-4C8B-9BAA-F0BF8E411901} = {5333E9E5-0C29-4A39-8658-7D14E571783F}
		{76696AC2-B9C5-4918-81B5-0D4B4B4759B1} = {5333E9E5-0C29-4A39-8658-7D14E571783F}
	EndGlobalSection
EndGlobal
